
Microsoft Visual Studio Solution File, Format Version 12.00
# Visual Studio Version 16
VisualStudioVersion = 16.0.31205.134
MinimumVisualStudioVersion = 10.0.40219.1
Project("{9A19103F-16F7-4668-BE54-9A1E7A4F7556}") = "Applications.API", "Applications.API\Applications.API.csproj", "{917AD217-9664-41F4-869C-BD1F4AB47118}"
EndProject
Project("{9A19103F-16F7-4668-BE54-9A1E7A4F7556}") = "Applications.Models", "applications.models\Applications.Models.csproj", "{326EE865-F343-4F5F-BB84-2056DD63291C}"
EndProject
Project("{9A19103F-16F7-4668-BE54-9A1E7A4F7556}") = "Applications.Utilities", "applications.utilities\Applications.Utilities.csproj", "{51ED8475-04B8-4343-AB9C-FEFA308CC151}"
EndProject
Global
	GlobalSection(SolutionConfigurationPlatforms) = preSolution
		Debug|Any CPU = Debug|Any CPU
		Release|Any CPU = Release|Any CPU
	EndGlobalSection
	GlobalSection(ProjectConfigurationPlatforms) = postSolution
		{917AD217-9664-41F4-869C-BD1F4AB47118}.Debug|Any CPU.ActiveCfg = Debug|Any CPU
		{917AD217-9664-41F4-869C-BD1F4AB47118}.Debug|Any CPU.Build.0 = Debug|Any CPU
		{917AD217-9664-41F4-869C-BD1F4AB47118}.Release|Any CPU.ActiveCfg = Release|Any CPU
		{917AD217-9664-41F4-869C-BD1F4AB47118}.Release|Any CPU.Build.0 = Release|Any CPU
		{326EE865-F343-4F5F-BB84-2056DD63291C}.Debug|Any CPU.ActiveCfg = Debug|Any CPU
		{326EE865-F343-4F5F-BB84-2056DD63291C}.Debug|Any CPU.Build.0 = Debug|Any CPU
		{326EE865-F343-4F5F-BB84-2056DD63291C}.Release|Any CPU.ActiveCfg = Release|Any CPU
		{326EE865-F343-4F5F-BB84-2056DD63291C}.Release|Any CPU.Build.0 = Release|Any CPU
		{51ED8475-04B8-4343-AB9C-FEFA308CC151}.Debug|Any CPU.ActiveCfg = Debug|Any CPU
		{51ED8475-04B8-4343-AB9C-FEFA308CC151}.Debug|Any CPU.Build.0 = Debug|Any CPU
		{51ED8475-04B8-4343-AB9C-FEFA308CC151}.Release|Any CPU.ActiveCfg = Release|Any CPU
		{51ED8475-04B8-4343-AB9C-FEFA308CC151}.Release|Any CPU.Build.0 = Release|Any CPU
	EndGlobalSection
	GlobalSection(SolutionProperties) = preSolution
		HideSolutionNode = FALSE
	EndGlobalSection
	GlobalSection(ExtensibilityGlobals) = postSolution
		SolutionGuid = {C7AB663D-7264-4C4B-A7F2-9D2D73880DE5}
	EndGlobalSection
EndGlobal
